
Microsoft Visual Studio Solution File, Format Version 12.00
# Visual Studio Version 17
VisualStudioVersion = 17.5.33530.505
MinimumVisualStudioVersion = 10.0.40219.1
Project("{FAE04EC0-301F-11D3-BF4B-00C04F79EFBC}") = "inicioProjeto", "inicioProjeto.csproj", "{93B282F9-CD29-4AB0-9632-3AB9C19EEE4A}"
EndProject
Global
	GlobalSection(SolutionConfigurationPlatforms) = preSolution
		Debug|Any CPU = Debug|Any CPU
		Release|Any CPU = Release|Any CPU
	EndGlobalSection
	GlobalSection(ProjectConfigurationPlatforms) = postSolution
		{93B282F9-CD29-4AB0-9632-3AB9C19EEE4A}.Debug|Any CPU.ActiveCfg = Debug|Any CPU
		{93B282F9-CD29-4AB0-9632-3AB9C19EEE4A}.Debug|Any CPU.Build.0 = Debug|Any CPU
		{93B282F9-CD29-4AB0-9632-3AB9C19EEE4A}.Release|Any CPU.ActiveCfg = Release|Any CPU
		{93B282F9-CD29-4AB0-9632-3AB9C19EEE4A}.Release|Any CPU.Build.0 = Release|Any CPU
	EndGlobalSection
	GlobalSection(SolutionProperties) = preSolution
		HideSolutionNode = FALSE
	EndGlobalSection
	GlobalSection(ExtensibilityGlobals) = postSolution
		SolutionGuid = {5E02C367-AC6A-494C-9373-5718FD654F09}
	EndGlobalSection
EndGlobal
